
Microsoft Visual Studio Solution File, Format Version 12.00
# Visual Studio Version 17
VisualStudioVersion = 17.14.36221.1 d17.14
MinimumVisualStudioVersion = 10.0.40219.1
Project("{FAE04EC0-301F-11D3-BF4B-00C04F79EFBC}") = "Aliance.Domain", "Aliance.Domain\Aliance.Domain.csproj", "{61461949-550F-4978-801D-B2FF1ABFCE51}"
EndProject
Project("{FAE04EC0-301F-11D3-BF4B-00C04F79EFBC}") = "Aliance.Application", "Aliance.Application\Aliance.Application.csproj", "{8982AD3E-2C33-48A8-A851-224841FE8ACD}"
EndProject
Project("{FAE04EC0-301F-11D3-BF4B-00C04F79EFBC}") = "Aliance.Infrastructure", "Aliance.Infrastructure\Aliance.Infrastructure.csproj", "{FF0D980E-3F8C-4269-AFF6-26E5A2542F28}"
EndProject
Project("{FAE04EC0-301F-11D3-BF4B-00C04F79EFBC}") = "Aliance.Crosscutting", "Aliance.Crosscutting\Aliance.Crosscutting.csproj", "{0AD6D571-CB78-4410-B638-A127BBA9BA85}"
EndProject
Project("{FAE04EC0-301F-11D3-BF4B-00C04F79EFBC}") = "Aliance.API", "Aliance.API\Aliance.API.csproj", "{098C1323-4D61-480A-B9FB-1224D7332A29}"
EndProject
Global
	GlobalSection(SolutionConfigurationPlatforms) = preSolution
		Debug|Any CPU = Debug|Any CPU
		Release|Any CPU = Release|Any CPU
	EndGlobalSection
	GlobalSection(ProjectConfigurationPlatforms) = postSolution
		{61461949-550F-4978-801D-B2FF1ABFCE51}.Debug|Any CPU.ActiveCfg = Debug|Any CPU
		{61461949-550F-4978-801D-B2FF1ABFCE51}.Debug|Any CPU.Build.0 = Debug|Any CPU
		{61461949-550F-4978-801D-B2FF1ABFCE51}.Release|Any CPU.ActiveCfg = Release|Any CPU
		{61461949-550F-4978-801D-B2FF1ABFCE51}.Release|Any CPU.Build.0 = Release|Any CPU
		{8982AD3E-2C33-48A8-A851-224841FE8ACD}.Debug|Any CPU.ActiveCfg = Debug|Any CPU
		{8982AD3E-2C33-48A8-A851-224841FE8ACD}.Debug|Any CPU.Build.0 = Debug|Any CPU
		{8982AD3E-2C33-48A8-A851-224841FE8ACD}.Release|Any CPU.ActiveCfg = Release|Any CPU
		{8982AD3E-2C33-48A8-A851-224841FE8ACD}.Release|Any CPU.Build.0 = Release|Any CPU
		{FF0D980E-3F8C-4269-AFF6-26E5A2542F28}.Debug|Any CPU.ActiveCfg = Debug|Any CPU
		{FF0D980E-3F8C-4269-AFF6-26E5A2542F28}.Debug|Any CPU.Build.0 = Debug|Any CPU
		{FF0D980E-3F8C-4269-AFF6-26E5A2542F28}.Release|Any CPU.ActiveCfg = Release|Any CPU
		{FF0D980E-3F8C-4269-AFF6-26E5A2542F28}.Release|Any CPU.Build.0 = Release|Any CPU
		{0AD6D571-CB78-4410-B638-A127BBA9BA85}.Debug|Any CPU.ActiveCfg = Debug|Any CPU
		{0AD6D571-CB78-4410-B638-A127BBA9BA85}.Debug|Any CPU.Build.0 = Debug|Any CPU
		{0AD6D571-CB78-4410-B638-A127BBA9BA85}.Release|Any CPU.ActiveCfg = Release|Any CPU
		{0AD6D571-CB78-4410-B638-A127BBA9BA85}.Release|Any CPU.Build.0 = Release|Any CPU
		{098C1323-4D61-480A-B9FB-1224D7332A29}.Debug|Any CPU.ActiveCfg = Debug|Any CPU
		{098C1323-4D61-480A-B9FB-1224D7332A29}.Debug|Any CPU.Build.0 = Debug|Any CPU
		{098C1323-4D61-480A-B9FB-1224D7332A29}.Release|Any CPU.ActiveCfg = Release|Any CPU
		{098C1323-4D61-480A-B9FB-1224D7332A29}.Release|Any CPU.Build.0 = Release|Any CPU
	EndGlobalSection
	GlobalSection(SolutionProperties) = preSolution
		HideSolutionNode = FALSE
	EndGlobalSection
	GlobalSection(ExtensibilityGlobals) = postSolution
		SolutionGuid = {457CBCE4-B611-4BB9-9701-777148A8EBA3}
	EndGlobalSection
EndGlobal
